lockfileVersion: 5.3

specifiers:
  typescript: ^4.6.3
  vue: ^2.6.14

dependencies:
  vue: 2.6.14

devDependencies:
  typescript: 4.6.3

packages:

  /typescript/4.6.3:
    resolution: {integrity: sha512-yNIatDa5iaofVozS/uQJEl3JRWLKKGJKh6Yaiv0GLGSuhpFJe7P3SbHZ8/yjAHRQwKRoA6YZqlfjXWmVzoVSMw==}
    engines: {node: '>=4.2.0'}
    hasBin: true
    dev: true

  /vue/2.6.14:
    resolution: {integrity: sha512-x2284lgYvjOMj3Za7kqzRcUSxBboHqtgRE2zlos1qWaOye5yUmHn42LB1250NJBLRwEcdrB0JRwyPTEPhfQjiQ==}
    dev: false
